{
  "name": "@indra.ai/deva.telnet",
  "version": "0.0.43",
  "lockfileVersion": 3,
  "requires": true,
  "packages": {
    "": {
      "name": "@indra.ai/deva.telnet",
      "version": "0.0.43",
      "license": "MIT",
      "dependencies": {
        "@indra.ai/deva": "^1.6.7",
        "telnet-stream": "^1.0.5"
      }
    },
    "node_modules/@indra.ai/deva": {
      "version": "1.6.7",
      "resolved": "https://registry.npmjs.org/@indra.ai/deva/-/deva-1.6.7.tgz",
      "integrity": "sha512-VgFJpdFFzr8nrZs5WqvKdUHI+Rhn5lOxRYn+OXGwgj7/AlsxPcXflOSQOTzHxmIVyQp+sdrLMWIfl6NhahuBCQ==",
      "funding": [
        {
          "type": "paypal",
          "url": "https://paypal.me/rahulaclub"
        },
        {
          "type": "patreon",
          "url": "https://patreon.com/rahulaclub"
        }
      ],
      "license": "VLA:21524957441626894690 LICENSE.md",
      "engines": {
        "node": ">=18.16.0",
        "npm": ">=9.5.1"
      }
    },
    "node_modules/telnet-stream": {
      "version": "1.1.0",
      "resolved": "https://registry.npmjs.org/telnet-stream/-/telnet-stream-1.1.0.tgz",
      "integrity": "sha512-saVuav/ScOFlrQXSB8xUqwwIi3sifjSfBiiywGMu7B8wJz60duqFCyG8IhcRjoPpl6VGGkBH+yH3Tnbxh36h1Q=="
    }
  }
}
