{
  "name": "@indra.ai/telnetdeva",
  "version": "0.0.12",
  "lockfileVersion": 3,
  "requires": true,
  "packages": {
    "": {
      "name": "@indra.ai/telnetdeva",
      "version": "0.0.12",
      "license": "MIT",
      "dependencies": {
        "@indra.ai/deva": "^1.1.102",
        "telnet-stream": "^1.0.5"
      }
    },
    "node_modules/@indra.ai/deva": {
      "version": "1.1.102",
      "resolved": "https://registry.npmjs.org/@indra.ai/deva/-/deva-1.1.102.tgz",
      "integrity": "sha512-oG8OCh6WvsdPuleZaGfrdjJTipcifSVRSudnzHJn6gc9UMbTY4WLpMtlnLALPdY2MWDe9jryMVsjL8tXDVUQNQ==",
      "engines": {
        "node": ">=18.16.0",
        "npm": ">=9.5.1"
      }
    },
    "node_modules/telnet-stream": {
      "version": "1.1.0",
      "resolved": "https://registry.npmjs.org/telnet-stream/-/telnet-stream-1.1.0.tgz",
      "integrity": "sha512-saVuav/ScOFlrQXSB8xUqwwIi3sifjSfBiiywGMu7B8wJz60duqFCyG8IhcRjoPpl6VGGkBH+yH3Tnbxh36h1Q=="
    }
  }
}
